// !$*UTF8*$!
{
	archiveVersion = 1;
	classes = {
	};
	objectVersion = 46;
	objects = {

/* Begin PBXBuildFile section */
		6D221CC41EDE0D3F000F3A6B /* AppDelegate.swift in Sources */ = {isa = PBXBuildFile; fileRef = 6D221CC31EDE0D3F000F3A6B /* AppDelegate.swift */; };
		6D221CC61EDE0D3F000F3A6B /* ViewController.swift in Sources */ = {isa = PBXBuildFile; fileRef = 6D221CC51EDE0D3F000F3A6B /* ViewController.swift */; };
		6D221CC91EDE0D3F000F3A6B /* Main.storyboard in Resources */ = {isa = PBXBuildFile; fileRef = 6D221CC71EDE0D3F000F3A6B /* Main.storyboard */; };
		6D221CCB1EDE0D3F000F3A6B /* Assets.xcassets in Resources */ = {isa = PBXBuildFile; fileRef = 6D221CCA1EDE0D3F000F3A6B /* Assets.xcassets */; };
		6D221CCE1EDE0D3F000F3A6B /* LaunchScreen.storyboard in Resources */ = {isa = PBXBuildFile; fileRef = 6D221CCC1EDE0D3F000F3A6B /* LaunchScreen.storyboard */; };
		6D2648DE1EE685D5004D65D8 /* Localizable.strings in Resources */ = {isa = PBXBuildFile; fileRef = 6D2648E01EE685D5004D65D8 /* Localizable.strings */; };
/* End PBXBuildFile section */

/* Begin PBXFileReference section */
		6D221CC01EDE0D3F000F3A6B /* Locale.app */ = {isa = PBXFileReference; explicitFileType = wrapper.application; includeInIndex = 0; path = Locale.app; sourceTree = BUILT_PRODUCTS_DIR; };
		6D221CC31EDE0D3F000F3A6B /* AppDelegate.swift */ = {isa = PBXFileReference; lastKnownFileType = sourcecode.swift; path = AppDelegate.swift; sourceTree = "<group>"; };
		6D221CC51EDE0D3F000F3A6B /* ViewController.swift */ = {isa = PBXFileReference; lastKnownFileType = sourcecode.swift; path = ViewController.swift; sourceTree = "<group>"; };
		6D221CC81EDE0D3F000F3A6B /* Base */ = {isa = PBXFileReference; lastKnownFileType = file.storyboard; name = Base; path = Base.lproj/Main.storyboard; sourceTree = "<group>"; };
		6D221CCA1EDE0D3F000F3A6B /* Assets.xcassets */ = {isa = PBXFileReference; lastKnownFileType = folder.assetcatalog; path = Assets.xcassets; sourceTree = "<group>"; };
		6D221CCD1EDE0D3F000F3A6B /* Base */ = {isa = PBXFileReference; lastKnownFileType = file.storyboard; name = Base; path = Base.lproj/LaunchScreen.storyboard; sourceTree = "<group>"; };
		6D221CCF1EDE0D3F000F3A6B /* Info.plist */ = {isa = PBXFileReference; lastKnownFileType = text.plist.xml; path = Info.plist; sourceTree = "<group>"; };
		6D2648DB1EE67E42004D65D8 /* ru */ = {isa = PBXFileReference; lastKnownFileType = text.plist.strings; name = ru; path = ru.lproj/Main.strings; sourceTree = "<group>"; };
		6D2648DF1EE685D5004D65D8 /* ru */ = {isa = PBXFileReference; lastKnownFileType = text.plist.strings; name = ru; path = ru.lproj/Localizable.strings; sourceTree = "<group>"; };
		6D2648E11EE685D6004D65D8 /* en */ = {isa = PBXFileReference; lastKnownFileType = text.plist.strings; name = en; path = en.lproj/Localizable.strings; sourceTree = "<group>"; };
		6D2648E31EE68C5A004D65D8 /* en */ = {isa = PBXFileReference; lastKnownFileType = text.plist.strings; name = en; path = en.lproj/Main.strings; sourceTree = "<group>"; };
/* End PBXFileReference section */

/* Begin PBXFrameworksBuildPhase section */
		6D221CBD1EDE0D3F000F3A6B /* Frameworks */ = {
			isa = PBXFrameworksBuildPhase;
			buildActionMask = 2147483647;
			files = (
			);
			runOnlyForDeploymentPostprocessing = 0;
		};
/* End PBXFrameworksBuildPhase section */

/* Begin PBXGroup section */
		6D221CB71EDE0D3F000F3A6B = {
			isa = PBXGroup;
			children = (
				6D221CC21EDE0D3F000F3A6B /* Locale */,
				6D221CC11EDE0D3F000F3A6B /* Products */,
			);
			sourceTree = "<group>";
		};
		6D221CC11EDE0D3F000F3A6B /* Products */ = {
			isa = PBXGroup;
			children = (
				6D221CC01EDE0D3F000F3A6B /* Locale.app */,
			);
			name = Products;
			sourceTree = "<group>";
		};
		6D221CC21EDE0D3F000F3A6B /* Locale */ = {
			isa = PBXGroup;
			children = (
				6D221CC31EDE0D3F000F3A6B /* AppDelegate.swift */,
				6D221CC51EDE0D3F000F3A6B /* ViewController.swift */,
				6D221CC71EDE0D3F000F3A6B /* Main.storyboard */,
				6D221CCA1EDE0D3F000F3A6B /* Assets.xcassets */,
				6D221CCC1EDE0D3F000F3A6B /* LaunchScreen.storyboard */,
				6D221CCF1EDE0D3F000F3A6B /* Info.plist */,
				6D2648E01EE685D5004D65D8 /* Localizable.strings */,
			);
			path = Locale;
			sourceTree = "<group>";
		};
/* End PBXGroup section */

/* Begin PBXNativeTarget section */
		6D221CBF1EDE0D3F000F3A6B /* Locale */ = {
			isa = PBXNativeTarget;
			buildConfigurationList = 6D221CD21EDE0D3F000F3A6B /* Build configuration list for PBXNativeTarget "Locale" */;
			buildPhases = (
				6D221CBC1EDE0D3F000F3A6B /* Sources */,
				6D221CBD1EDE0D3F000F3A6B /* Frameworks */,
				6D221CBE1EDE0D3F000F3A6B /* Resources */,
			);
			buildRules = (
			);
			dependencies = (
			);
			name = Locale;
			productName = Locale;
			productReference = 6D221CC01EDE0D3F000F3A6B /* Locale.app */;
			productType = "com.apple.product-type.application";
		};
/* End PBXNativeTarget section */

/* Begin PBXProject section */
		6D221CB81EDE0D3F000F3A6B /* Project object */ = {
			isa = PBXProject;
			attributes = {
				LastSwiftUpdateCheck = 0830;
				LastUpgradeCheck = 0830;
				ORGANIZATIONNAME = "GS Develop Inc.";
				TargetAttributes = {
					6D221CBF1EDE0D3F000F3A6B = {
						CreatedOnToolsVersion = 8.3.2;
						DevelopmentTeam = 69L52YT426;
						ProvisioningStyle = Automatic;
					};
				};
			};
			buildConfigurationList = 6D221CBB1EDE0D3F000F3A6B /* Build configuration list for PBXProject "Locale" */;
			compatibilityVersion = "Xcode 3.2";
			developmentRegion = English;
			hasScannedForEncodings = 0;
			knownRegions = (
				en,
				Base,
				ru,
			);
			mainGroup = 6D221CB71EDE0D3F000F3A6B;
			productRefGroup = 6D221CC11EDE0D3F000F3A6B /* Products */;
			projectDirPath = "";
			projectRoot = "";
			targets = (
				6D221CBF1EDE0D3F000F3A6B /* Locale */,
			);
		};
/* End PBXProject section */

/* Begin PBXResourcesBuildPhase section */
		6D221CBE1EDE0D3F000F3A6B /* Resources */ = {
			isa = PBXResourcesBuildPhase;
			buildActionMask = 2147483647;
			files = (
				6D221CCE1EDE0D3F000F3A6B /* LaunchScreen.storyboard in Resources */,
				6D2648DE1EE685D5004D65D8 /* Localizable.strings in Resources */,
				6D221CCB1EDE0D3F000F3A6B /* Assets.xcassets in Resources */,
				6D221CC91EDE0D3F000F3A6B /* Main.storyboard in Resources */,
			);
			runOnlyForDeploymentPostprocessing = 0;
		};
/* End PBXResourcesBuildPhase section */

/* Begin PBXSourcesBuildPhase section */
		6D221CBC1EDE0D3F000F3A6B /* Sources */ = {
			isa = PBXSourcesBuildPhase;
			buildActionMask = 2147483647;
			files = (
				6D221CC61EDE0D3F000F3A6B /* ViewController.swift in Sources */,
				6D221CC41EDE0D3F000F3A6B /* AppDelegate.swift in Sources */,
			);
			runOnlyForDeploymentPostprocessing = 0;
		};
/* End PBXSourcesBuildPhase section */

/* Begin PBXVariantGroup section */
		6D221CC71EDE0D3F000F3A6B /* Main.storyboard */ = {
			isa = PBXVariantGroup;
			children = (
				6D221CC81EDE0D3F000F3A6B /* Base */,
				6D2648DB1EE67E42004D65D8 /* ru */,
				6D2648E31EE68C5A004D65D8 /* en */,
			);
			name = Main.storyboard;
			sourceTree = "<group>";
		};
		6D221CCC1EDE0D3F000F3A6B /* LaunchScreen.storyboard */ = {
			isa = PBXVariantGroup;
			children = (
				6D221CCD1EDE0D3F000F3A6B /* Base */,
			);
			name = LaunchScreen.storyboard;
			sourceTree = "<group>";
		};
		6D2648E01EE685D5004D65D8 /* Localizable.strings */ = {
			isa = PBXVariantGroup;
			children = (
				6D2648DF1EE685D5004D65D8 /* ru */,
				6D2648E11EE685D6004D65D8 /* en */,
			);
			name = Localizable.strings;
			sourceTree = "<group>";
		};
/* End PBXVariantGroup section */

/* Begin XCBuildConfiguration section */
		6D221CD01EDE0D3F000F3A6B /* Debug */ = {
			isa = XCBuildConfiguration;
			buildSettings = {
				ALWAYS_SEARCH_USER_PATHS = NO;
				CLANG_ANALYZER_LOCALIZABILITY_NONLOCALIZED = YES;
				CLANG_ANALYZER_NONNULL = YES;
				CLANG_ANALYZER_NUMBER_OBJECT_CONVERSION = YES_AGGRESSIVE;
				CLANG_CXX_LANGUAGE_STANDARD = "gnu++0x";
				CLANG_CXX_LIBRARY = "libc++";
				CLANG_ENABLE_MODULES = YES;
				CLANG_ENABLE_OBJC_ARC = YES;
				CLANG_WARN_BOOL_CONVERSION = YES;
				CLANG_WARN_CONSTANT_CONVERSION = YES;
				CLANG_WARN_DIRECT_OBJC_ISA_USAGE = YES_ERROR;
				CLANG_WARN_DOCUMENTATION_COMMENTS = YES;
				CLANG_WARN_EMPTY_BODY = YES;
				CLANG_WARN_ENUM_CONVERSION = YES;
				CLANG_WARN_INFINITE_RECURSION = YES;
				CLANG_WARN_INT_CONVERSION = YES;
				CLANG_WARN_OBJC_ROOT_CLASS = YES_ERROR;
				CLANG_WARN_SUSPICIOUS_MOVE = YES;
				CLANG_WARN_UNREACHABLE_CODE = YES;
				CLANG_WARN__DUPLICATE_METHOD_MATCH = YES;
				"CODE_SIGN_IDENTITY[sdk=iphoneos*]" = "iPhone Developer";
				COPY_PHASE_STRIP = NO;
				DEBUG_INFORMATION_FORMAT = dwarf;
				ENABLE_STRICT_OBJC_MSGSEND = YES;
				ENABLE_TESTABILITY = YES;
				GCC_C_LANGUAGE_STANDARD = gnu99;
				GCC_DYNAMIC_NO_PIC = NO;
				GCC_NO_COMMON_BLOCKS = YES;
				GCC_OPTIMIZATION_LEVEL = 0;
				GCC_PREPROCESSOR_DEFINITIONS = (
					"DEBUG=1",
					"$(inherited)",
				);
				GCC_WARN_64_TO_32_BIT_CONVERSION = YES;
				GCC_WARN_ABOUT_RETURN_TYPE = YES_ERROR;
				GCC_WARN_UNDECLARED_SELECTOR = YES;
				GCC_WARN_UNINITIALIZED_AUTOS = YES_AGGRESSIVE;
				GCC_WARN_UNUSED_FUNCTION = YES;
				GCC_WARN_UNUSED_VARIABLE = YES;
				IPHONEOS_DEPLOYMENT_TARGET = 10.3;
				MTL_ENABLE_DEBUG_INFO = YES;
				ONLY_ACTIVE_ARCH = YES;
				SDKROOT = iphoneos;
				SWIFT_ACTIVE_COMPILATION_CONDITIONS = DEBUG;
				SWIFT_OPTIMIZATION_LEVEL = "-Onone";
			};
			name = Debug;
		};
		6D221CD11EDE0D3F000F3A6B /* Release */ = {
			isa = XCBuildConfiguration;
			buildSettings = {
				ALWAYS_SEARCH_USER_PATHS = NO;
				CLANG_ANALYZER_LOCALIZABILITY_NONLOCALIZED = YES;
				CLANG_ANALYZER_NONNULL = YES;
				CLANG_ANALYZER_NUMBER_OBJECT_CONVERSION = YES_AGGRESSIVE;
				CLANG_CXX_LANGUAGE_STANDARD = "gnu++0x";
				CLANG_CXX_LIBRARY = "libc++";
				CLANG_ENABLE_MODULES = YES;
				CLANG_ENABLE_OBJC_ARC = YES;
				CLANG_WARN_BOOL_CONVERSION = YES;
				CLANG_WARN_CONSTANT_CONVERSION = YES;
				CLANG_WARN_DIRECT_OBJC_ISA_USAGE = YES_ERROR;
				CLANG_WARN_DOCUMENTATION_COMMENTS = YES;
				CLANG_WARN_EMPTY_BODY = YES;
				CLANG_WARN_ENUM_CONVERSION = YES;
				CLANG_WARN_INFINITE_RECURSION = YES;
				CLANG_WARN_INT_CONVERSION = YES;
				CLANG_WARN_OBJC_ROOT_CLASS = YES_ERROR;
				CLANG_WARN_SUSPICIOUS_MOVE = YES;
				CLANG_WARN_UNREACHABLE_CODE = YES;
				CLANG_WARN__DUPLICATE_METHOD_MATCH = YES;
				"CODE_SIGN_IDENTITY[sdk=iphoneos*]" = "iPhone Developer";
				COPY_PHASE_STRIP = NO;
				DEBUG_INFORMATION_FORMAT = "dwarf-with-dsym";
				ENABLE_NS_ASSERTIONS = NO;
				ENABLE_STRICT_OBJC_MSGSEND = YES;
				GCC_C_LANGUAGE_STANDARD = gnu99;
				GCC_NO_COMMON_BLOCKS = YES;
				GCC_WARN_64_TO_32_BIT_CONVERSION = YES;
				GCC_WARN_ABOUT_RETURN_TYPE = YES_ERROR;
				GCC_WARN_UNDECLARED_SELECTOR = YES;
				GCC_WARN_UNINITIALIZED_AUTOS = YES_AGGRESSIVE;
				GCC_WARN_UNUSED_FUNCTION = YES;
				GCC_WARN_UNUSED_VARIABLE = YES;
				IPHONEOS_DEPLOYMENT_TARGET = 10.3;
				MTL_ENABLE_DEBUG_INFO = NO;
				SDKROOT = iphoneos;
				SWIFT_OPTIMIZATION_LEVEL = "-Owholemodule";
				VALIDATE_PRODUCT = YES;
			};
			name = Release;
		};
		6D221CD31EDE0D3F000F3A6B /* Debug */ = {
			isa = XCBuildConfiguration;
			buildSettings = {
				ASSETCATALOG_COMPILER_APPICON_NAME = AppIcon;
				DEVELOPMENT_TEAM = 69L52YT426;
				INFOPLIST_FILE = Locale/Info.plist;
				LD_RUNPATH_SEARCH_PATHS = "$(inherited) @executable_path/Frameworks";
				PRODUCT_BUNDLE_IDENTIFIER = self.ed.gsdevelop.Locale;
				PRODUCT_NAME = "$(TARGET_NAME)";
				SWIFT_VERSION = 3.0;
			};
			name = Debug;
		};
		6D221CD41EDE0D3F000F3A6B /* Release */ = {
			isa = XCBuildConfiguration;
			buildSettings = {
				ASSETCATALOG_COMPILER_APPICON_NAME = AppIcon;
				DEVELOPMENT_TEAM = 69L52YT426;
				INFOPLIST_FILE = Locale/Info.plist;
				LD_RUNPATH_SEARCH_PATHS = "$(inherited) @executable_path/Frameworks";
				PRODUCT_BUNDLE_IDENTIFIER = self.ed.gsdevelop.Locale;
				PRODUCT_NAME = "$(TARGET_NAME)";
				SWIFT_VERSION = 3.0;
			};
			name = Release;
		};
/* End XCBuildConfiguration section */

/* Begin XCConfigurationList section */
		6D221CBB1EDE0D3F000F3A6B /* Build configuration list for PBXProject "Locale" */ = {
			isa = XCConfigurationList;
			buildConfigurations = (
				6D221CD01EDE0D3F000F3A6B /* Debug */,
				6D221CD11EDE0D3F000F3A6B /* Release */,
			);
			defaultConfigurationIsVisible = 0;
			defaultConfigurationName = Release;
		};
		6D221CD21EDE0D3F000F3A6B /* Build configuration list for PBXNativeTarget "Locale" */ = {
			isa = XCConfigurationList;
			buildConfigurations = (
				6D221CD31EDE0D3F000F3A6B /* Debug */,
				6D221CD41EDE0D3F000F3A6B /* Release */,
			);
			defaultConfigurationIsVisible = 0;
			defaultConfigurationName = Release;
		};
/* End XCConfigurationList section */
	};
	rootObject = 6D221CB81EDE0D3F000F3A6B /* Project object */;
}
